{
    "_readme": [
        "This file locks the dependencies of your project to a known state",
        "Read more about it at http://getcomposer.org/doc/01-basic-usage.md#composer-lock-the-lock-file"
    ],
    "hash": "6080e2be1f686705539f8a1bfb5d96b6",
    "packages": [
        {
            "name": "amazonwebservices/aws-sdk-for-php",
            "version": "1.6.2",
            "source": {
                "type": "git",
                "url": "https://github.com/amazonwebservices/aws-sdk-for-php.git",
                "reference": "65d6bc82d6e0cd095709c342a23c749dc2f3a012"
            },
            "dist": {
                "type": "zip",
                "url": "https://api.github.com/repos/amazonwebservices/aws-sdk-for-php/zipball/65d6bc82d6e0cd095709c342a23c749dc2f3a012",
                "reference": "65d6bc82d6e0cd095709c342a23c749dc2f3a012",
                "shasum": ""
            },
            "require": {
                "php": ">=5.2.0"
            },
            "suggest": {
                "aws/aws-sdk-php": "You should consider upgrading to version 2 of the AWS SDK for PHP"
            },
            "type": "library",
            "autoload": {
                "classmap": [
                    "authentication/",
                    "extensions/",
                    "lib/",
                    "services/",
                    "utilities/",
                    "sdk.class.php"
                ]
            },
            "notification-url": "https://packagist.org/downloads/",
            "license": [
                "Apache-2.0"
            ],
            "authors": [
                {
                    "name": "Amazon Web Services",
                    "homepage": "http://aws.amazon.com"
                }
            ],
            "description": "AWS SDK for PHP",
            "homepage": "http://aws.amazon.com/sdkforphp/",
            "keywords": [
                "amazon",
                "aws",
                "dynamodb",
                "ec2",
                "s3",
                "sdk"
            ],
            "time": "2013-03-15 19:43:06"
        },
        {
            "name": "swiftmailer/swiftmailer",
            "version": "v5.0.3",
            "source": {
                "type": "git",
                "url": "https://github.com/swiftmailer/swiftmailer.git",
                "reference": "32edc3b0de0fdc1b10f5c4912e8677b3f411a230"
            },
            "dist": {
                "type": "zip",
                "url": "https://api.github.com/repos/swiftmailer/swiftmailer/zipball/32edc3b0de0fdc1b10f5c4912e8677b3f411a230",
                "reference": "32edc3b0de0fdc1b10f5c4912e8677b3f411a230",
                "shasum": ""
            },
            "require": {
                "php": ">=5.2.4"
            },
            "type": "library",
            "extra": {
                "branch-alias": {
                    "dev-master": "5.1-dev"
                }
            },
            "autoload": {
                "files": [
                    "lib/swift_required.php"
                ]
            },
            "notification-url": "https://packagist.org/downloads/",
            "license": [
                "MIT"
            ],
            "authors": [
                {
                    "name": "Fabien Potencier",
                    "email": "fabien@symfony.com"
                },
                {
                    "name": "Chris Corbyn"
                }
            ],
            "description": "Swiftmailer, free feature-rich PHP mailer",
            "homepage": "http://swiftmailer.org",
            "keywords": [
                "mail",
                "mailer"
            ],
            "time": "2013-12-03 13:33:24"
        }
    ],
    "packages-dev": [

    ],
    "aliases": [

    ],
    "minimum-stability": "stable",
    "stability-flags": [

    ],
    "platform": {
        "php": ">=5.3.9",
        "ext-phalcon": ">=1.2.4"
    },
    "platform-dev": [

    ]
}
